{
    "_meta": {
        "hash": {
            "sha256": "62d0cb60d765c042c9183021eec3a4915f8f352cad21a717fc518947b3e81181"
        },
        "pipfile-spec": 6,
        "requires": {
            "python_version": "3.12"
        },
        "sources": [
            {
                "name": "pypi",
                "url": "https://pypi.org/simple",
                "verify_ssl": true
            }
        ]
    },
    "default": {
        "netifaces": {
            "hashes": [
                "sha256:043a79146eb2907edf439899f262b3dfe41717d34124298ed281139a8b93ca32",
                "sha256:08e3f102a59f9eaef70948340aeb6c89bd09734e0dca0f3b82720305729f63ea",
                "sha256:0f6133ac02521270d9f7c490f0c8c60638ff4aec8338efeff10a1b51506abe85",
                "sha256:18917fbbdcb2d4f897153c5ddbb56b31fa6dd7c3fa9608b7e3c3a663df8206b5",
                "sha256:2479bb4bb50968089a7c045f24d120f37026d7e802ec134c4490eae994c729b5",
                "sha256:2650beee182fed66617e18474b943e72e52f10a24dc8cac1db36c41ee9c041b7",
                "sha256:28f4bf3a1361ab3ed93c5ef360c8b7d4a4ae060176a3529e72e5e4ffc4afd8b0",
                "sha256:3ecb3f37c31d5d51d2a4d935cfa81c9bc956687c6f5237021b36d6fdc2815b2c",
                "sha256:469fc61034f3daf095e02f9f1bbac07927b826c76b745207287bc594884cfd05",
                "sha256:48324183af7f1bc44f5f197f3dad54a809ad1ef0c78baee2c88f16a5de02c4c9",
                "sha256:50721858c935a76b83dd0dd1ab472cad0a3ef540a1408057624604002fcfb45b",
                "sha256:54ff6624eb95b8a07e79aa8817288659af174e954cca24cdb0daeeddfc03c4ff",
                "sha256:5be83986100ed1fdfa78f11ccff9e4757297735ac17391b95e17e74335c2047d",
                "sha256:5f9ca13babe4d845e400921973f6165a4c2f9f3379c7abfc7478160e25d196a4",
                "sha256:73ff21559675150d31deea8f1f8d7e9a9a7e4688732a94d71327082f517fc6b4",
                "sha256:7dbb71ea26d304e78ccccf6faccef71bb27ea35e259fb883cfd7fd7b4f17ecb1",
                "sha256:815eafdf8b8f2e61370afc6add6194bd5a7252ae44c667e96c4c1ecf418811e4",
                "sha256:841aa21110a20dc1621e3dd9f922c64ca64dd1eb213c47267a2c324d823f6c8f",
                "sha256:84e4d2e6973eccc52778735befc01638498781ce0e39aa2044ccfd2385c03246",
                "sha256:8f7da24eab0d4184715d96208b38d373fd15c37b0dafb74756c638bd619ba150",
                "sha256:96c0fe9696398253f93482c84814f0e7290eee0bfec11563bd07d80d701280c3",
                "sha256:aab1dbfdc55086c789f0eb37affccf47b895b98d490738b81f3b2360100426be",
                "sha256:c03fb2d4ef4e393f2e6ffc6376410a22a3544f164b336b3a355226653e5efd89",
                "sha256:c37a1ca83825bc6f54dddf5277e9c65dec2f1b4d0ba44b8fd42bc30c91aa6ea1",
                "sha256:c92ff9ac7c2282009fe0dcb67ee3cd17978cffbe0c8f4b471c00fe4325c9b4d4",
                "sha256:c9a3a47cd3aaeb71e93e681d9816c56406ed755b9442e981b07e3618fb71d2ac",
                "sha256:cb925e1ca024d6f9b4f9b01d83215fd00fe69d095d0255ff3f64bffda74025c8",
                "sha256:d07b01c51b0b6ceb0f09fc48ec58debd99d2c8430b09e56651addeaf5de48048",
                "sha256:e76c7f351e0444721e85f975ae92718e21c1f361bda946d60a214061de1f00a1",
                "sha256:eb4813b77d5df99903af4757ce980a98c4d702bbcb81f32a0b305a1537bdf0b1"
            ],
            "index": "pypi",
            "version": "==0.11.0"
        },
        "pyqt6": {
            "hashes": [
                "sha256:3d31b2c59dc378ee26e16586d9469842483588142fc377280aad22aaf2fa6235",
                "sha256:919ffb01020ece42209228bf94b4f2c156a6b77cc5a69a90a05e358b0333750b",
                "sha256:9d8865fb6357dba032002c4554a9648e88f2b4706c929cc51fba58edafad91fc",
                "sha256:e294f025f94493ee12b66efd6893fab309c9063172bb8a5b184f84dfc1ebcc49"
            ],
            "index": "pypi",
            "markers": "python_version >= '3.8'",
            "version": "==6.7.0"
        },
        "pyqt6-qt6": {
            "hashes": [
                "sha256:091810ed703fe747ef83d07506fcfdfd8f172215590175cc23cdfe0fc09b20ad",
                "sha256:383842a058b3fd0546df59fbd7f593dd609761d28a0185eb1a8983dee2a5f5d0",
                "sha256:a3ae3200799081103a099b7bfd70854d7fd922475ce327fb4493633d08c59cf0",
                "sha256:c8993f4c5ec4587cf56c37e32bec5c7e19cf96e330faa6c4feeb1e9c90a048e6"
            ],
            "version": "==6.7.0"
        },
        "pyqt6-sip": {
            "hashes": [
                "sha256:0dfd22cfedd87e96f9d51e0778ca2ba3dc0be83e424e9e0f98f6994d8d9c90f0",
                "sha256:13885361ca2cb2f5085d50359ba61b3fabd41b139fb58f37332acbe631ef2357",
                "sha256:24441032a29791e82beb7dfd76878339058def0e97fdb7c1cea517f3a0e6e96b",
                "sha256:2486e1588071943d4f6657ba09096dc9fffd2322ad2c30041e78ea3f037b5778",
                "sha256:3075d8b325382750829e6cde6971c943352309d35768a4d4da0587459606d562",
                "sha256:33ea771fe777eb0d1a2c3ef35bcc3f7a286eb3ff09cd5b2fdd3d87d1f392d7e8",
                "sha256:39854dba35f8e5a4288da26ecb5f40b4c5ec1932efffb3f49d5ea435a7f37fb3",
                "sha256:3bf03e130fbfd75c9c06e687b86ba375410c7a9e835e4e03285889e61dd4b0c4",
                "sha256:43fb8551796030aae3d66d6e35e277494071ec6172cd182c9569ab7db268a2f5",
                "sha256:58f68a48400e0b3d1ccb18090090299bad26e3aed7ccb7057c65887b79b8aeea",
                "sha256:5b9c6b6f9cfccb48cbb78a59603145a698fb4ffd176764d7083e5bf47631d8df",
                "sha256:747f6ca44af81777a2c696bd501bc4815a53ec6fc94d4e25830e10bc1391f8ab",
                "sha256:86a7b67c64436e32bffa9c28c9f21bf14a9faa54991520b12c3f6f435f24df7f",
                "sha256:8c282062125eea5baf830c6998587d98c50be7c3a817a057fb95fef647184012",
                "sha256:8f9df9f7ccd8a9f0f1d36948c686f03ce1a1281543a3e636b7b7d5e086e1a436",
                "sha256:98bf954103b087162fa63b3a78f30b0b63da22fd6450b610ec1b851dbb798228",
                "sha256:9adf672f9114687533a74d5c2d4c03a9a929ad5ad9c3e88098a7da1a440ab916",
                "sha256:a6ce80bc24618d8a41be8ca51ad9f10e8bc4296dd90ab2809573df30a23ae0e5",
                "sha256:d6b5f699aaed0ac1fcd23e8fbca70d8a77965831b7c1ce474b81b1678817a49d",
                "sha256:fa759b6339ff7e25f9afe2a6b651b775f0a36bcb3f5fa85e81a90d3b033c83f4",
                "sha256:fa7b10af7488efc5e53b41dd42c0f421bde6c2865a107af7ae259aff9d841da9"
            ],
            "markers": "python_version >= '3.7'",
            "version": "==13.6.0"
        },
        "python-nmap": {
            "hashes": [
                "sha256:f75af6b91dd8e3b0c31f869db32163f62ada686945e5b7c25f84bc0f7fad3b64"
            ],
            "index": "pypi",
            "version": "==0.7.1"
        }
    },
    "develop": {}
}
